{
  "name": "junta",
  "version": "0.0.1",
  "lockfileVersion": 3,
  "requires": true,
  "packages": {
    "": {
      "name": "junta",
      "version": "0.0.1",
      "license": "ISC",
      "dependencies": {
        "dotenv": "^16.0.3",
        "tail": "^2.2.6",
        "the-log": "^3.0.1"
      }
    },
    "node_modules/dotenv": {
      "version": "16.0.3",
      "resolved": "https://registry.npmjs.org/dotenv/-/dotenv-16.0.3.tgz",
      "integrity": "sha512-7GO6HghkA5fYG9TYnNxi14/7K9f5occMlp3zXAuSxn7CKCxt9xbNWG7yF8hTCSUchlfWSe3uLmlPfigevRItzQ==",
      "engines": {
        "node": ">=12"
      }
    },
    "node_modules/tail": {
      "version": "2.2.6",
      "resolved": "https://registry.npmjs.org/tail/-/tail-2.2.6.tgz",
      "integrity": "sha512-IQ6G4wK/t8VBauYiGPLx+d3fA5XjSVagjWV5SIYzvEvglbQjwEcukeYI68JOPpdydjxhZ9sIgzRlSmwSpphHyw==",
      "engines": {
        "node": ">= 6.0.0"
      }
    },
    "node_modules/the-log": {
      "version": "3.0.1",
      "resolved": "https://registry.npmjs.org/the-log/-/the-log-3.0.1.tgz",
      "integrity": "sha512-NYOLA/wLzOdRHENX9QutUeG6sKw+S+yaAsdzIGFODU3DFOSo6seUnwiCUcDJzT2MRnk6k7Q6hnrvwliLlX2JPA=="
    }
  }
}
